
Microsoft Visual Studio Solution File, Format Version 12.00
# Visual Studio Version 17
VisualStudioVersion = 17.4.32916.344
MinimumVisualStudioVersion = 10.0.40219.1
Project("{9A19103F-16F7-4668-BE54-9A1E7A4F7556}") = "Perceptron", "Perceptron\Perceptron.csproj", "{59BEF9E1-CB06-4F52-BBCE-8EF727A74BD5}"
EndProject
Global
	GlobalSection(SolutionConfigurationPlatforms) = preSolution
		Debug|Any CPU = Debug|Any CPU
		Release|Any CPU = Release|Any CPU
	EndGlobalSection
	GlobalSection(ProjectConfigurationPlatforms) = postSolution
		{59BEF9E1-CB06-4F52-BBCE-8EF727A74BD5}.Debug|Any CPU.ActiveCfg = Debug|Any CPU
		{59BEF9E1-CB06-4F52-BBCE-8EF727A74BD5}.Debug|Any CPU.Build.0 = Debug|Any CPU
		{59BEF9E1-CB06-4F52-BBCE-8EF727A74BD5}.Release|Any CPU.ActiveCfg = Release|Any CPU
		{59BEF9E1-CB06-4F52-BBCE-8EF727A74BD5}.Release|Any CPU.Build.0 = Release|Any CPU
	EndGlobalSection
	GlobalSection(SolutionProperties) = preSolution
		HideSolutionNode = FALSE
	EndGlobalSection
	GlobalSection(ExtensibilityGlobals) = postSolution
		SolutionGuid = {2459AA89-93EC-4D96-BBB9-82DF32C4350A}
	EndGlobalSection
EndGlobal
